// !$*UTF8*$!
{
	archiveVersion = 1;
	classes = {
	};
	objectVersion = 55;
	objects = {

/* Begin PBXBuildFile section */
		0A1DE872291568160056CC9B /* AppDelegate.swift in Sources */ = {isa = PBXBuildFile; fileRef = 0A1DE871291568160056CC9B /* AppDelegate.swift */; };
		0A1DE874291568160056CC9B /* SceneDelegate.swift in Sources */ = {isa = PBXBuildFile; fileRef = 0A1DE873291568160056CC9B /* SceneDelegate.swift */; };
		0A1DE876291568160056CC9B /* ViewController.swift in Sources */ = {isa = PBXBuildFile; fileRef = 0A1DE875291568160056CC9B /* ViewController.swift */; };
		0A1DE879291568160056CC9B /* Main.storyboard in Resources */ = {isa = PBXBuildFile; fileRef = 0A1DE877291568160056CC9B /* Main.storyboard */; };
		0A1DE87E291568180056CC9B /* Assets.xcassets in Resources */ = {isa = PBXBuildFile; fileRef = 0A1DE87D291568180056CC9B /* Assets.xcassets */; };
		0A1DE881291568180056CC9B /* LaunchScreen.storyboard in Resources */ = {isa = PBXBuildFile; fileRef = 0A1DE87F291568180056CC9B /* LaunchScreen.storyboard */; };
		0AAA689029185F0A0009AE37 /* RealmSwift in Frameworks */ = {isa = PBXBuildFile; productRef = 0AAA688F29185F0A0009AE37 /* RealmSwift */; };
		0AAA689229185F280009AE37 /* Realm in Frameworks */ = {isa = PBXBuildFile; productRef = 0AAA689129185F280009AE37 /* Realm */; };
		0ABD53D32915924E00F646C0 /* CovidCell.swift in Sources */ = {isa = PBXBuildFile; fileRef = 0ABD53D12915924E00F646C0 /* CovidCell.swift */; };
		0ABD53D42915924E00F646C0 /* CovidCell.xib in Resources */ = {isa = PBXBuildFile; fileRef = 0ABD53D22915924E00F646C0 /* CovidCell.xib */; };
		0ABD53D7291664FC00F646C0 /* AlamofireBuilder.swift in Sources */ = {isa = PBXBuildFile; fileRef = 0ABD53D6291664FC00F646C0 /* AlamofireBuilder.swift */; };
		0ABD53EC29166F7A00F646C0 /* ApiCallBack.swift in Sources */ = {isa = PBXBuildFile; fileRef = 0ABD53EB29166F7A00F646C0 /* ApiCallBack.swift */; };
		0ABD53EF2916960800F646C0 /* CovidModel.swift in Sources */ = {isa = PBXBuildFile; fileRef = 0ABD53EE2916960800F646C0 /* CovidModel.swift */; };
		0ABD53F2291696C000F646C0 /* CovidViewModel.swift in Sources */ = {isa = PBXBuildFile; fileRef = 0ABD53F1291696C000F646C0 /* CovidViewModel.swift */; };
		0ABD53F429169B8500F646C0 /* Alamofire in Frameworks */ = {isa = PBXBuildFile; productRef = 0ABD53F329169B8500F646C0 /* Alamofire */; };
		0ABD53F929169E3E00F646C0 /* UIViewController+Extensions.swift in Sources */ = {isa = PBXBuildFile; fileRef = 0ABD53F829169E3E00F646C0 /* UIViewController+Extensions.swift */; };
		0AE3F7932918580200DB4F3C /* CovidRealmModel.swift in Sources */ = {isa = PBXBuildFile; fileRef = 0AE3F7922918580200DB4F3C /* CovidRealmModel.swift */; };
/* End PBXBuildFile section */

/* Begin PBXFileReference section */
		0A1DE86E291568160056CC9B /* Covid Tracker.app */ = {isa = PBXFileReference; explicitFileType = wrapper.application; includeInIndex = 0; path = "Covid Tracker.app"; sourceTree = BUILT_PRODUCTS_DIR; };
		0A1DE871291568160056CC9B /* AppDelegate.swift */ = {isa = PBXFileReference; lastKnownFileType = sourcecode.swift; path = AppDelegate.swift; sourceTree = "<group>"; };
		0A1DE873291568160056CC9B /* SceneDelegate.swift */ = {isa = PBXFileReference; lastKnownFileType = sourcecode.swift; path = SceneDelegate.swift; sourceTree = "<group>"; };
		0A1DE875291568160056CC9B /* ViewController.swift */ = {isa = PBXFileReference; lastKnownFileType = sourcecode.swift; path = ViewController.swift; sourceTree = "<group>"; };
		0A1DE878291568160056CC9B /* Base */ = {isa = PBXFileReference; lastKnownFileType = file.storyboard; name = Base; path = Base.lproj/Main.storyboard; sourceTree = "<group>"; };
		0A1DE87D291568180056CC9B /* Assets.xcassets */ = {isa = PBXFileReference; lastKnownFileType = folder.assetcatalog; path = Assets.xcassets; sourceTree = "<group>"; };
		0A1DE880291568180056CC9B /* Base */ = {isa = PBXFileReference; lastKnownFileType = file.storyboard; name = Base; path = Base.lproj/LaunchScreen.storyboard; sourceTree = "<group>"; };
		0A1DE882291568180056CC9B /* Info.plist */ = {isa = PBXFileReference; lastKnownFileType = text.plist.xml; path = Info.plist; sourceTree = "<group>"; };
		0ABD53CB29158FB600F646C0 /* Alamofire.framework */ = {isa = PBXFileReference; lastKnownFileType = wrapper.framework; name = Alamofire.framework; path = Carthage/Build/iOS/Alamofire.framework; sourceTree = "<group>"; };
		0ABD53D12915924E00F646C0 /* CovidCell.swift */ = {isa = PBXFileReference; lastKnownFileType = sourcecode.swift; path = CovidCell.swift; sourceTree = "<group>"; };
		0ABD53D22915924E00F646C0 /* CovidCell.xib */ = {isa = PBXFileReference; lastKnownFileType = file.xib; path = CovidCell.xib; sourceTree = "<group>"; };
		0ABD53D6291664FC00F646C0 /* AlamofireBuilder.swift */ = {isa = PBXFileReference; lastKnownFileType = sourcecode.swift; path = AlamofireBuilder.swift; sourceTree = "<group>"; };
		0ABD53D929166EAD00F646C0 /* Alamofire-master */ = {isa = PBXFileReference; lastKnownFileType = wrapper; name = "Alamofire-master"; path = "../../../Downloads/Alamofire-master"; sourceTree = "<group>"; };
		0ABD53EB29166F7A00F646C0 /* ApiCallBack.swift */ = {isa = PBXFileReference; lastKnownFileType = sourcecode.swift; path = ApiCallBack.swift; sourceTree = "<group>"; };
		0ABD53EE2916960800F646C0 /* CovidModel.swift */ = {isa = PBXFileReference; lastKnownFileType = sourcecode.swift; path = CovidModel.swift; sourceTree = "<group>"; };
		0ABD53F1291696C000F646C0 /* CovidViewModel.swift */ = {isa = PBXFileReference; lastKnownFileType = sourcecode.swift; path = CovidViewModel.swift; sourceTree = "<group>"; };
		0ABD53F829169E3E00F646C0 /* UIViewController+Extensions.swift */ = {isa = PBXFileReference; fileEncoding = 4; lastKnownFileType = sourcecode.swift; path = "UIViewController+Extensions.swift"; sourceTree = "<group>"; };
		0AE3F7922918580200DB4F3C /* CovidRealmModel.swift */ = {isa = PBXFileReference; lastKnownFileType = sourcecode.swift; path = CovidRealmModel.swift; sourceTree = "<group>"; };
		0AE3F79429185B2E00DB4F3C /* realm-swift-master */ = {isa = PBXFileReference; lastKnownFileType = wrapper; name = "realm-swift-master"; path = "../../../Downloads/realm-swift-master"; sourceTree = "<group>"; };
/* End PBXFileReference section */

/* Begin PBXFrameworksBuildPhase section */
		0A1DE86B291568160056CC9B /* Frameworks */ = {
			isa = PBXFrameworksBuildPhase;
			buildActionMask = 2147483647;
			files = (
				0AAA689229185F280009AE37 /* Realm in Frameworks */,
				0AAA689029185F0A0009AE37 /* RealmSwift in Frameworks */,
				0ABD53F429169B8500F646C0 /* Alamofire in Frameworks */,
			);
			runOnlyForDeploymentPostprocessing = 0;
		};
/* End PBXFrameworksBuildPhase section */

/* Begin PBXGroup section */
		0A1DE865291568160056CC9B = {
			isa = PBXGroup;
			children = (
				0ABD53D829166EAD00F646C0 /* Packages */,
				0A1DE870291568160056CC9B /* Covid Tracker */,
				0A1DE86F291568160056CC9B /* Products */,
				0ABD53CA29158FB600F646C0 /* Frameworks */,
			);
			sourceTree = "<group>";
		};
		0A1DE86F291568160056CC9B /* Products */ = {
			isa = PBXGroup;
			children = (
				0A1DE86E291568160056CC9B /* Covid Tracker.app */,
			);
			name = Products;
			sourceTree = "<group>";
		};
		0A1DE870291568160056CC9B /* Covid Tracker */ = {
			isa = PBXGroup;
			children = (
				0ABD53F729169E3500F646C0 /* Extensions */,
				0ABD53F0291696AA00F646C0 /* ViewModel */,
				0ABD53ED291695FE00F646C0 /* Model */,
				0ABD53D5291664D300F646C0 /* Network */,
				0ABD53D0291591F600F646C0 /* customCells */,
				0A1DE871291568160056CC9B /* AppDelegate.swift */,
				0A1DE873291568160056CC9B /* SceneDelegate.swift */,
				0A1DE875291568160056CC9B /* ViewController.swift */,
				0A1DE877291568160056CC9B /* Main.storyboard */,
				0A1DE87D291568180056CC9B /* Assets.xcassets */,
				0A1DE87F291568180056CC9B /* LaunchScreen.storyboard */,
				0A1DE882291568180056CC9B /* Info.plist */,
			);
			path = "Covid Tracker";
			sourceTree = "<group>";
		};
		0ABD53CA29158FB600F646C0 /* Frameworks */ = {
			isa = PBXGroup;
			children = (
				0ABD53CB29158FB600F646C0 /* Alamofire.framework */,
			);
			name = Frameworks;
			sourceTree = "<group>";
		};
		0ABD53D0291591F600F646C0 /* customCells */ = {
			isa = PBXGroup;
			children = (
				0ABD53D12915924E00F646C0 /* CovidCell.swift */,
				0ABD53D22915924E00F646C0 /* CovidCell.xib */,
			);
			path = customCells;
			sourceTree = "<group>";
		};
		0ABD53D5291664D300F646C0 /* Network */ = {
			isa = PBXGroup;
			children = (
				0ABD53D6291664FC00F646C0 /* AlamofireBuilder.swift */,
				0ABD53EB29166F7A00F646C0 /* ApiCallBack.swift */,
			);
			path = Network;
			sourceTree = "<group>";
		};
		0ABD53D829166EAD00F646C0 /* Packages */ = {
			isa = PBXGroup;
			children = (
				0ABD53D929166EAD00F646C0 /* Alamofire-master */,
				0AE3F79429185B2E00DB4F3C /* realm-swift-master */,
			);
			name = Packages;
			sourceTree = "<group>";
		};
		0ABD53ED291695FE00F646C0 /* Model */ = {
			isa = PBXGroup;
			children = (
				0AE3F7922918580200DB4F3C /* CovidRealmModel.swift */,
				0ABD53EE2916960800F646C0 /* CovidModel.swift */,
			);
			path = Model;
			sourceTree = "<group>";
		};
		0ABD53F0291696AA00F646C0 /* ViewModel */ = {
			isa = PBXGroup;
			children = (
				0ABD53F1291696C000F646C0 /* CovidViewModel.swift */,
			);
			path = ViewModel;
			sourceTree = "<group>";
		};
		0ABD53F729169E3500F646C0 /* Extensions */ = {
			isa = PBXGroup;
			children = (
				0ABD53F829169E3E00F646C0 /* UIViewController+Extensions.swift */,
			);
			path = Extensions;
			sourceTree = "<group>";
		};
/* End PBXGroup section */

/* Begin PBXNativeTarget section */
		0A1DE86D291568160056CC9B /* Covid Tracker */ = {
			isa = PBXNativeTarget;
			buildConfigurationList = 0A1DE885291568180056CC9B /* Build configuration list for PBXNativeTarget "Covid Tracker" */;
			buildPhases = (
				0A1DE86A291568160056CC9B /* Sources */,
				0A1DE86B291568160056CC9B /* Frameworks */,
				0A1DE86C291568160056CC9B /* Resources */,
			);
			buildRules = (
			);
			dependencies = (
			);
			name = "Covid Tracker";
			packageProductDependencies = (
				0ABD53F329169B8500F646C0 /* Alamofire */,
				0AAA688F29185F0A0009AE37 /* RealmSwift */,
				0AAA689129185F280009AE37 /* Realm */,
			);
			productName = "Covid Tracker";
			productReference = 0A1DE86E291568160056CC9B /* Covid Tracker.app */;
			productType = "com.apple.product-type.application";
		};
/* End PBXNativeTarget section */

/* Begin PBXProject section */
		0A1DE866291568160056CC9B /* Project object */ = {
			isa = PBXProject;
			attributes = {
				BuildIndependentTargetsInParallel = 1;
				LastSwiftUpdateCheck = 1400;
				LastUpgradeCheck = 1400;
				TargetAttributes = {
					0A1DE86D291568160056CC9B = {
						CreatedOnToolsVersion = 14.0.1;
					};
				};
			};
			buildConfigurationList = 0A1DE869291568160056CC9B /* Build configuration list for PBXProject "Covid Tracker" */;
			compatibilityVersion = "Xcode 13.0";
			developmentRegion = en;
			hasScannedForEncodings = 0;
			knownRegions = (
				en,
				Base,
			);
			mainGroup = 0A1DE865291568160056CC9B;
			productRefGroup = 0A1DE86F291568160056CC9B /* Products */;
			projectDirPath = "";
			projectRoot = "";
			targets = (
				0A1DE86D291568160056CC9B /* Covid Tracker */,
			);
		};
/* End PBXProject section */

/* Begin PBXResourcesBuildPhase section */
		0A1DE86C291568160056CC9B /* Resources */ = {
			isa = PBXResourcesBuildPhase;
			buildActionMask = 2147483647;
			files = (
				0A1DE881291568180056CC9B /* LaunchScreen.storyboard in Resources */,
				0A1DE87E291568180056CC9B /* Assets.xcassets in Resources */,
				0A1DE879291568160056CC9B /* Main.storyboard in Resources */,
				0ABD53D42915924E00F646C0 /* CovidCell.xib in Resources */,
			);
			runOnlyForDeploymentPostprocessing = 0;
		};
/* End PBXResourcesBuildPhase section */

/* Begin PBXSourcesBuildPhase section */
		0A1DE86A291568160056CC9B /* Sources */ = {
			isa = PBXSourcesBuildPhase;
			buildActionMask = 2147483647;
			files = (
				0AE3F7932918580200DB4F3C /* CovidRealmModel.swift in Sources */,
				0A1DE876291568160056CC9B /* ViewController.swift in Sources */,
				0ABD53EF2916960800F646C0 /* CovidModel.swift in Sources */,
				0ABD53F929169E3E00F646C0 /* UIViewController+Extensions.swift in Sources */,
				0ABD53D32915924E00F646C0 /* CovidCell.swift in Sources */,
				0ABD53F2291696C000F646C0 /* CovidViewModel.swift in Sources */,
				0A1DE872291568160056CC9B /* AppDelegate.swift in Sources */,
				0ABD53D7291664FC00F646C0 /* AlamofireBuilder.swift in Sources */,
				0A1DE874291568160056CC9B /* SceneDelegate.swift in Sources */,
				0ABD53EC29166F7A00F646C0 /* ApiCallBack.swift in Sources */,
			);
			runOnlyForDeploymentPostprocessing = 0;
		};
/* End PBXSourcesBuildPhase section */

/* Begin PBXVariantGroup section */
		0A1DE877291568160056CC9B /* Main.storyboard */ = {
			isa = PBXVariantGroup;
			children = (
				0A1DE878291568160056CC9B /* Base */,
			);
			name = Main.storyboard;
			sourceTree = "<group>";
		};
		0A1DE87F291568180056CC9B /* LaunchScreen.storyboard */ = {
			isa = PBXVariantGroup;
			children = (
				0A1DE880291568180056CC9B /* Base */,
			);
			name = LaunchScreen.storyboard;
			sourceTree = "<group>";
		};
/* End PBXVariantGroup section */

/* Begin XCBuildConfiguration section */
		0A1DE883291568180056CC9B /* Debug */ = {
			isa = XCBuildConfiguration;
			buildSettings = {
				ALWAYS_SEARCH_USER_PATHS = NO;
				CLANG_ANALYZER_NONNULL = YES;
				CLANG_ANALYZER_NUMBER_OBJECT_CONVERSION = YES_AGGRESSIVE;
				CLANG_CXX_LANGUAGE_STANDARD = "gnu++20";
				CLANG_ENABLE_MODULES = YES;
				CLANG_ENABLE_OBJC_ARC = YES;
				CLANG_ENABLE_OBJC_WEAK = YES;
				CLANG_WARN_BLOCK_CAPTURE_AUTORELEASING = YES;
				CLANG_WARN_BOOL_CONVERSION = YES;
				CLANG_WARN_COMMA = YES;
				CLANG_WARN_CONSTANT_CONVERSION = YES;
				CLANG_WARN_DEPRECATED_OBJC_IMPLEMENTATIONS = YES;
				CLANG_WARN_DIRECT_OBJC_ISA_USAGE = YES_ERROR;
				CLANG_WARN_DOCUMENTATION_COMMENTS = YES;
				CLANG_WARN_EMPTY_BODY = YES;
				CLANG_WARN_ENUM_CONVERSION = YES;
				CLANG_WARN_INFINITE_RECURSION = YES;
				CLANG_WARN_INT_CONVERSION = YES;
				CLANG_WARN_NON_LITERAL_NULL_CONVERSION = YES;
				CLANG_WARN_OBJC_IMPLICIT_RETAIN_SELF = YES;
				CLANG_WARN_OBJC_LITERAL_CONVERSION = YES;
				CLANG_WARN_OBJC_ROOT_CLASS = YES_ERROR;
				CLANG_WARN_QUOTED_INCLUDE_IN_FRAMEWORK_HEADER = YES;
				CLANG_WARN_RANGE_LOOP_ANALYSIS = YES;
				CLANG_WARN_STRICT_PROTOTYPES = YES;
				CLANG_WARN_SUSPICIOUS_MOVE = YES;
				CLANG_WARN_UNGUARDED_AVAILABILITY = YES_AGGRESSIVE;
				CLANG_WARN_UNREACHABLE_CODE = YES;
				CLANG_WARN__DUPLICATE_METHOD_MATCH = YES;
				COPY_PHASE_STRIP = NO;
				DEBUG_INFORMATION_FORMAT = dwarf;
				ENABLE_STRICT_OBJC_MSGSEND = YES;
				ENABLE_TESTABILITY = YES;
				GCC_C_LANGUAGE_STANDARD = gnu11;
				GCC_DYNAMIC_NO_PIC = NO;
				GCC_NO_COMMON_BLOCKS = YES;
				GCC_OPTIMIZATION_LEVEL = 0;
				GCC_PREPROCESSOR_DEFINITIONS = (
					"DEBUG=1",
					"$(inherited)",
				);
				GCC_WARN_64_TO_32_BIT_CONVERSION = YES;
				GCC_WARN_ABOUT_RETURN_TYPE = YES_ERROR;
				GCC_WARN_UNDECLARED_SELECTOR = YES;
				GCC_WARN_UNINITIALIZED_AUTOS = YES_AGGRESSIVE;
				GCC_WARN_UNUSED_FUNCTION = YES;
				GCC_WARN_UNUSED_VARIABLE = YES;
				IPHONEOS_DEPLOYMENT_TARGET = 16.0;
				MTL_ENABLE_DEBUG_INFO = INCLUDE_SOURCE;
				MTL_FAST_MATH = YES;
				ONLY_ACTIVE_ARCH = YES;
				SDKROOT = iphoneos;
				SWIFT_ACTIVE_COMPILATION_CONDITIONS = DEBUG;
				SWIFT_OPTIMIZATION_LEVEL = "-Onone";
			};
			name = Debug;
		};
		0A1DE884291568180056CC9B /* Release */ = {
			isa = XCBuildConfiguration;
			buildSettings = {
				ALWAYS_SEARCH_USER_PATHS = NO;
				CLANG_ANALYZER_NONNULL = YES;
				CLANG_ANALYZER_NUMBER_OBJECT_CONVERSION = YES_AGGRESSIVE;
				CLANG_CXX_LANGUAGE_STANDARD = "gnu++20";
				CLANG_ENABLE_MODULES = YES;
				CLANG_ENABLE_OBJC_ARC = YES;
				CLANG_ENABLE_OBJC_WEAK = YES;
				CLANG_WARN_BLOCK_CAPTURE_AUTORELEASING = YES;
				CLANG_WARN_BOOL_CONVERSION = YES;
				CLANG_WARN_COMMA = YES;
				CLANG_WARN_CONSTANT_CONVERSION = YES;
				CLANG_WARN_DEPRECATED_OBJC_IMPLEMENTATIONS = YES;
				CLANG_WARN_DIRECT_OBJC_ISA_USAGE = YES_ERROR;
				CLANG_WARN_DOCUMENTATION_COMMENTS = YES;
				CLANG_WARN_EMPTY_BODY = YES;
				CLANG_WARN_ENUM_CONVERSION = YES;
				CLANG_WARN_INFINITE_RECURSION = YES;
				CLANG_WARN_INT_CONVERSION = YES;
				CLANG_WARN_NON_LITERAL_NULL_CONVERSION = YES;
				CLANG_WARN_OBJC_IMPLICIT_RETAIN_SELF = YES;
				CLANG_WARN_OBJC_LITERAL_CONVERSION = YES;
				CLANG_WARN_OBJC_ROOT_CLASS = YES_ERROR;
				CLANG_WARN_QUOTED_INCLUDE_IN_FRAMEWORK_HEADER = YES;
				CLANG_WARN_RANGE_LOOP_ANALYSIS = YES;
				CLANG_WARN_STRICT_PROTOTYPES = YES;
				CLANG_WARN_SUSPICIOUS_MOVE = YES;
				CLANG_WARN_UNGUARDED_AVAILABILITY = YES_AGGRESSIVE;
				CLANG_WARN_UNREACHABLE_CODE = YES;
				CLANG_WARN__DUPLICATE_METHOD_MATCH = YES;
				COPY_PHASE_STRIP = NO;
				DEBUG_INFORMATION_FORMAT = "dwarf-with-dsym";
				ENABLE_NS_ASSERTIONS = NO;
				ENABLE_STRICT_OBJC_MSGSEND = YES;
				GCC_C_LANGUAGE_STANDARD = gnu11;
				GCC_NO_COMMON_BLOCKS = YES;
				GCC_WARN_64_TO_32_BIT_CONVERSION = YES;
				GCC_WARN_ABOUT_RETURN_TYPE = YES_ERROR;
				GCC_WARN_UNDECLARED_SELECTOR = YES;
				GCC_WARN_UNINITIALIZED_AUTOS = YES_AGGRESSIVE;
				GCC_WARN_UNUSED_FUNCTION = YES;
				GCC_WARN_UNUSED_VARIABLE = YES;
				IPHONEOS_DEPLOYMENT_TARGET = 16.0;
				MTL_ENABLE_DEBUG_INFO = NO;
				MTL_FAST_MATH = YES;
				SDKROOT = iphoneos;
				SWIFT_COMPILATION_MODE = wholemodule;
				SWIFT_OPTIMIZATION_LEVEL = "-O";
				VALIDATE_PRODUCT = YES;
			};
			name = Release;
		};
		0A1DE886291568180056CC9B /* Debug */ = {
			isa = XCBuildConfiguration;
			buildSettings = {
				ASSETCATALOG_COMPILER_APPICON_NAME = AppIcon;
				ASSETCATALOG_COMPILER_GLOBAL_ACCENT_COLOR_NAME = AccentColor;
				CODE_SIGN_STYLE = Automatic;
				CURRENT_PROJECT_VERSION = 1;
				DEVELOPMENT_TEAM = MD6K9VKGDK;
				FRAMEWORK_SEARCH_PATHS = (
					"$(inherited)",
					"$(PROJECT_DIR)/Carthage/Build/iOS",
				);
				GENERATE_INFOPLIST_FILE = YES;
				INFOPLIST_FILE = "Covid Tracker/Info.plist";
				INFOPLIST_KEY_UIApplicationSupportsIndirectInputEvents = YES;
				INFOPLIST_KEY_UILaunchStoryboardName = LaunchScreen;
				INFOPLIST_KEY_UIMainStoryboardFile = Main;
				INFOPLIST_KEY_UISupportedInterfaceOrientations_iPad = "UIInterfaceOrientationPortrait UIInterfaceOrientationPortraitUpsideDown UIInterfaceOrientationLandscapeLeft UIInterfaceOrientationLandscapeRight";
				INFOPLIST_KEY_UISupportedInterfaceOrientations_iPhone = "UIInterfaceOrientationPortrait UIInterfaceOrientationLandscapeLeft UIInterfaceOrientationLandscapeRight";
				IPHONEOS_DEPLOYMENT_TARGET = 15.0;
				LD_RUNPATH_SEARCH_PATHS = (
					"$(inherited)",
					"@executable_path/Frameworks",
				);
				MARKETING_VERSION = 1.0;
				PRODUCT_BUNDLE_IDENTIFIER = "app.shaneen.dhahd.Covid-Tracker";
				PRODUCT_NAME = "$(TARGET_NAME)";
				SWIFT_EMIT_LOC_STRINGS = YES;
				SWIFT_VERSION = 5.0;
				TARGETED_DEVICE_FAMILY = "1,2";
			};
			name = Debug;
		};
		0A1DE887291568180056CC9B /* Release */ = {
			isa = XCBuildConfiguration;
			buildSettings = {
				ASSETCATALOG_COMPILER_APPICON_NAME = AppIcon;
				ASSETCATALOG_COMPILER_GLOBAL_ACCENT_COLOR_NAME = AccentColor;
				CODE_SIGN_STYLE = Automatic;
				CURRENT_PROJECT_VERSION = 1;
				DEVELOPMENT_TEAM = MD6K9VKGDK;
				FRAMEWORK_SEARCH_PATHS = (
					"$(inherited)",
					"$(PROJECT_DIR)/Carthage/Build/iOS",
				);
				GENERATE_INFOPLIST_FILE = YES;
				INFOPLIST_FILE = "Covid Tracker/Info.plist";
				INFOPLIST_KEY_UIApplicationSupportsIndirectInputEvents = YES;
				INFOPLIST_KEY_UILaunchStoryboardName = LaunchScreen;
				INFOPLIST_KEY_UIMainStoryboardFile = Main;
				INFOPLIST_KEY_UISupportedInterfaceOrientations_iPad = "UIInterfaceOrientationPortrait UIInterfaceOrientationPortraitUpsideDown UIInterfaceOrientationLandscapeLeft UIInterfaceOrientationLandscapeRight";
				INFOPLIST_KEY_UISupportedInterfaceOrientations_iPhone = "UIInterfaceOrientationPortrait UIInterfaceOrientationLandscapeLeft UIInterfaceOrientationLandscapeRight";
				IPHONEOS_DEPLOYMENT_TARGET = 15.0;
				LD_RUNPATH_SEARCH_PATHS = (
					"$(inherited)",
					"@executable_path/Frameworks",
				);
				MARKETING_VERSION = 1.0;
				PRODUCT_BUNDLE_IDENTIFIER = "app.shaneen.dhahd.Covid-Tracker";
				PRODUCT_NAME = "$(TARGET_NAME)";
				SWIFT_EMIT_LOC_STRINGS = YES;
				SWIFT_VERSION = 5.0;
				TARGETED_DEVICE_FAMILY = "1,2";
			};
			name = Release;
		};
/* End XCBuildConfiguration section */

/* Begin XCConfigurationList section */
		0A1DE869291568160056CC9B /* Build configuration list for PBXProject "Covid Tracker" */ = {
			isa = XCConfigurationList;
			buildConfigurations = (
				0A1DE883291568180056CC9B /* Debug */,
				0A1DE884291568180056CC9B /* Release */,
			);
			defaultConfigurationIsVisible = 0;
			defaultConfigurationName = Release;
		};
		0A1DE885291568180056CC9B /* Build configuration list for PBXNativeTarget "Covid Tracker" */ = {
			isa = XCConfigurationList;
			buildConfigurations = (
				0A1DE886291568180056CC9B /* Debug */,
				0A1DE887291568180056CC9B /* Release */,
			);
			defaultConfigurationIsVisible = 0;
			defaultConfigurationName = Release;
		};
/* End XCConfigurationList section */

/* Begin XCSwiftPackageProductDependency section */
		0AAA688F29185F0A0009AE37 /* RealmSwift */ = {
			isa = XCSwiftPackageProductDependency;
			productName = RealmSwift;
		};
		0AAA689129185F280009AE37 /* Realm */ = {
			isa = XCSwiftPackageProductDependency;
			productName = Realm;
		};
		0ABD53F329169B8500F646C0 /* Alamofire */ = {
			isa = XCSwiftPackageProductDependency;
			productName = Alamofire;
		};
/* End XCSwiftPackageProductDependency section */
	};
	rootObject = 0A1DE866291568160056CC9B /* Project object */;
}
